# This file is automatically @generated by Cargo.
# It is not intended for manual editing.
version = 4

[[package]]
name = "camera-manifest"
version = "0.0.0"

[[package]]
name = "camera-media-store"
version = "0.0.0"

[[package]]
name = "camera-protocol-ffi"
version = "0.0.0"

[[package]]
name = "camera-sim"
version = "0.0.0"

[[package]]
name = "camera-sim-service"
version = "0.0.0"

[[package]]
name = "camera-simctl"
version = "0.0.0"

[[package]]
name = "protocol-primitives"
version = "0.0.0"

[[package]]
name = "ptp-core"
version = "0.0.0"
